{
  "name": "censor_image",
  "version": "1.0.0",
  "lockfileVersion": 1,
  "requires": true,
  "dependencies": {
    "app-config": {
      "version": "file:../common/app-config"
    },
    "get-access-token": {
      "version": "file:../common/get-access-token",
      "requires": {
        "app-config": "file:../common/app-config"
      },
      "dependencies": {
        "app-config": {
          "version": "file:../common/app-config"
        }
      }
    }
  }
}
